
Microsoft Visual Studio Solution File, Format Version 12.00
# Visual Studio Version 17
VisualStudioVersion = 17.3.32819.101
MinimumVisualStudioVersion = 10.0.40219.1
Project("{FAE04EC0-301F-11D3-BF4B-00C04F79EFBC}") = "ChatWithSignalR", "ChatWithSignalR\ChatWithSignalR.csproj", "{2433A57F-046F-41C7-B83F-016465843830}"
EndProject
Global
	GlobalSection(SolutionConfigurationPlatforms) = preSolution
		Debug|Any CPU = Debug|Any CPU
		Release|Any CPU = Release|Any CPU
	EndGlobalSection
	GlobalSection(ProjectConfigurationPlatforms) = postSolution
		{2433A57F-046F-41C7-B83F-016465843830}.Debug|Any CPU.ActiveCfg = Debug|Any CPU
		{2433A57F-046F-41C7-B83F-016465843830}.Debug|Any CPU.Build.0 = Debug|Any CPU
		{2433A57F-046F-41C7-B83F-016465843830}.Release|Any CPU.ActiveCfg = Release|Any CPU
		{2433A57F-046F-41C7-B83F-016465843830}.Release|Any CPU.Build.0 = Release|Any CPU
	EndGlobalSection
	GlobalSection(SolutionProperties) = preSolution
		HideSolutionNode = FALSE
	EndGlobalSection
	GlobalSection(ExtensibilityGlobals) = postSolution
		SolutionGuid = {1FC2C580-3C2D-41A2-9190-83260C7190E8}
	EndGlobalSection
EndGlobal
